
Microsoft Visual Studio Solution File, Format Version 12.00
# Visual Studio Version 17
VisualStudioVersion = 17.4.33403.182
MinimumVisualStudioVersion = 10.0.40219.1
Project("{FAE04EC0-301F-11D3-BF4B-00C04F79EFBC}") = "LinkedLists", "LinkedLists\LinkedLists.csproj", "{3F76B9DC-CC4F-48C6-8B67-570FC114B89B}"
EndProject
Project("{FAE04EC0-301F-11D3-BF4B-00C04F79EFBC}") = "LinkedListsTests", "LinkedListsTests\LinkedListsTests.csproj", "{9835781D-28BB-4A60-B534-CE82BB35A53A}"
EndProject
Global
	GlobalSection(SolutionConfigurationPlatforms) = preSolution
		Debug|Any CPU = Debug|Any CPU
		Release|Any CPU = Release|Any CPU
	EndGlobalSection
	GlobalSection(ProjectConfigurationPlatforms) = postSolution
		{3F76B9DC-CC4F-48C6-8B67-570FC114B89B}.Debug|Any CPU.ActiveCfg = Debug|Any CPU
		{3F76B9DC-CC4F-48C6-8B67-570FC114B89B}.Debug|Any CPU.Build.0 = Debug|Any CPU
		{3F76B9DC-CC4F-48C6-8B67-570FC114B89B}.Release|Any CPU.ActiveCfg = Release|Any CPU
		{3F76B9DC-CC4F-48C6-8B67-570FC114B89B}.Release|Any CPU.Build.0 = Release|Any CPU
		{9835781D-28BB-4A60-B534-CE82BB35A53A}.Debug|Any CPU.ActiveCfg = Debug|Any CPU
		{9835781D-28BB-4A60-B534-CE82BB35A53A}.Debug|Any CPU.Build.0 = Debug|Any CPU
		{9835781D-28BB-4A60-B534-CE82BB35A53A}.Release|Any CPU.ActiveCfg = Release|Any CPU
		{9835781D-28BB-4A60-B534-CE82BB35A53A}.Release|Any CPU.Build.0 = Release|Any CPU
	EndGlobalSection
	GlobalSection(SolutionProperties) = preSolution
		HideSolutionNode = FALSE
	EndGlobalSection
	GlobalSection(ExtensibilityGlobals) = postSolution
		SolutionGuid = {4742EFCE-155B-4DC6-9C44-BFF1EDFB19B3}
	EndGlobalSection
EndGlobal
